
Microsoft Visual Studio Solution File, Format Version 12.00
# Visual Studio 15
VisualStudioVersion = 15.0.27130.2027
MinimumVisualStudioVersion = 10.0.40219.1
Project("{FAE04EC0-301F-11D3-BF4B-00C04F79EFBC}") = "InvoiceTotal", "InvoiceTotal\InvoiceTotal.csproj", "{8D8CE6CD-E6A5-440A-B289-E9E66CCE80AC}"
EndProject
Global
	GlobalSection(SolutionConfigurationPlatforms) = preSolution
		Debug|Any CPU = Debug|Any CPU
		Release|Any CPU = Release|Any CPU
	EndGlobalSection
	GlobalSection(ProjectConfigurationPlatforms) = postSolution
		{8D8CE6CD-E6A5-440A-B289-E9E66CCE80AC}.Debug|Any CPU.ActiveCfg = Debug|Any CPU
		{8D8CE6CD-E6A5-440A-B289-E9E66CCE80AC}.Debug|Any CPU.Build.0 = Debug|Any CPU
		{8D8CE6CD-E6A5-440A-B289-E9E66CCE80AC}.Release|Any CPU.ActiveCfg = Release|Any CPU
		{8D8CE6CD-E6A5-440A-B289-E9E66CCE80AC}.Release|Any CPU.Build.0 = Release|Any CPU
	EndGlobalSection
	GlobalSection(SolutionProperties) = preSolution
		HideSolutionNode = FALSE
	EndGlobalSection
	GlobalSection(ExtensibilityGlobals) = postSolution
		SolutionGuid = {F8144EEC-643D-4B04-A3D6-4E9C85D95599}
	EndGlobalSection
EndGlobal
